
Microsoft Visual Studio Solution File, Format Version 11.00
# Visual Studio 2010
Project("{FAE04EC0-301F-11D3-BF4B-00C04F79EFBC}") = "PatSI", "PatSI\PatSI.csproj", "{1A633EA0-6081-4A8F-85A4-6AB8500D6E13}"
EndProject
Project("{F184B08F-C81C-45F6-A57F-5ABD9991F28F}") = "DBA", "DBA\DBA.vbproj", "{ED2D2F9A-FE35-4389-9B71-57C05AD88396}"
EndProject
Project("{FAE04EC0-301F-11D3-BF4B-00C04F79EFBC}") = "BLL", "BLL\BLL.csproj", "{54597CC3-45BF-4806-A0F1-B1AE6CD80FC5}"
EndProject
Project("{FAE04EC0-301F-11D3-BF4B-00C04F79EFBC}") = "IData", "IData\IData.csproj", "{A6915611-8215-421D-8187-3036904497C5}"
EndProject
Project("{FAE04EC0-301F-11D3-BF4B-00C04F79EFBC}") = "IShowProcess", "IShowProcess\IShowProcess.csproj", "{1DC2705A-BEBC-40A0-A167-887672F60219}"
EndProject
Project("{FAE04EC0-301F-11D3-BF4B-00C04F79EFBC}") = "DAL", "DAL\DAL.csproj", "{3467FF3E-4EDD-4030-9279-BDA1C1DCEA4D}"
EndProject
Project("{FAE04EC0-301F-11D3-BF4B-00C04F79EFBC}") = "AddressExtensions", "AddressExtensions\AddressExtensions.csproj", "{4C24C6F6-BAF5-46DA-8315-8E84F8BA6DCF}"
EndProject
Project("{FAE04EC0-301F-11D3-BF4B-00C04F79EFBC}") = "xyExtensions", "xyExtensions\xyExtensions.csproj", "{533F84E0-8508-498D-BC28-582E1B8B7F29}"
EndProject
Project("{2150E333-8FDC-42A3-9474-1A3956D46DE8}") = "Stat", "Stat", "{55E4E32A-996D-4802-AF0F-531DA7ECEADA}"
EndProject
Project("{FAE04EC0-301F-11D3-BF4B-00C04F79EFBC}") = "IStat", "IStat\IStat.csproj", "{3C33C8C1-471B-471D-8734-D32C1EE5690E}"
EndProject
Project("{FAE04EC0-301F-11D3-BF4B-00C04F79EFBC}") = "Stat", "Stat\Stat.csproj", "{7B330E80-94FE-487F-AD82-804551005469}"
EndProject
Project("{2150E333-8FDC-42A3-9474-1A3956D46DE8}") = "Extensions", "Extensions", "{85CA7432-5773-4B14-9F1B-9B13781CD954}"
EndProject
Project("{2150E333-8FDC-42A3-9474-1A3956D46DE8}") = "Inerface", "Inerface", "{7E21AD23-017B-4C34-A956-2969C52FC314}"
EndProject
Project("{2150E333-8FDC-42A3-9474-1A3956D46DE8}") = "DAL", "DAL", "{FBA72B21-4556-4397-B7C7-CA2FB7C01BF9}"
EndProject
Project("{2150E333-8FDC-42A3-9474-1A3956D46DE8}") = "Cfg", "Cfg", "{08D1F62B-5715-4261-A966-84D5A1F9C55A}"
EndProject
Project("{FAE04EC0-301F-11D3-BF4B-00C04F79EFBC}") = "StatCfg", "StatCfg\StatCfg.csproj", "{52C33A4D-ED2D-47ED-8873-60C092E788A9}"
EndProject
Project("{FAE04EC0-301F-11D3-BF4B-00C04F79EFBC}") = "Pis_DbConfig", "Pis_DbConfig\Pis_DbConfig.csproj", "{5DDC0FE4-9AE0-4B3E-9240-C1FAFE044508}"
EndProject
Project("{2150E333-8FDC-42A3-9474-1A3956D46DE8}") = "BLL", "BLL", "{1C8BEF8D-326B-4A0F-BA0E-1C9F87F90197}"
EndProject
Project("{FAE04EC0-301F-11D3-BF4B-00C04F79EFBC}") = "ExcelLib", "ExcelLib\ExcelLib.csproj", "{D439212D-B7ED-49DD-9319-C30875C36F78}"
EndProject
Project("{FAE04EC0-301F-11D3-BF4B-00C04F79EFBC}") = "RegLib", "RegLib\RegLib.csproj", "{F8670580-7090-4517-BA35-76A2E98B0CDB}"
EndProject
Project("{FAE04EC0-301F-11D3-BF4B-00C04F79EFBC}") = "RegAdmin", "RegAdmin\RegAdmin.csproj", "{9B0E117B-C340-4BFF-8B34-58EF2FAFE963}"
EndProject
Project("{FAE04EC0-301F-11D3-BF4B-00C04F79EFBC}") = "PoJieSiQuanJia", "PoJieSiQuanJia\PoJieSiQuanJia.csproj", "{F98C8C70-88E6-4EA4-976D-73C05594A199}"
EndProject
Project("{FAE04EC0-301F-11D3-BF4B-00C04F79EFBC}") = "WebPatSI_Svs", "WebPatSI_Svs\WebPatSI_Svs.csproj", "{78E08A24-8EBA-47E1-AD60-F254BDCEC5B0}"
EndProject
Project("{FAE04EC0-301F-11D3-BF4B-00C04F79EFBC}") = "ChekSysLib", "ChekSysLib\ChekSysLib.csproj", "{CCA892CE-72E1-4D24-A9BC-DA7D3408E7D3}"
EndProject
Project("{FAE04EC0-301F-11D3-BF4B-00C04F79EFBC}") = "MySqlTools", "MySqlTools\MySqlTools.csproj", "{A9B7E3A8-A4F6-499F-A069-E9173F3F7DBF}"
EndProject
Global
	GlobalSection(SolutionConfigurationPlatforms) = preSolution
		Debug|Any CPU = Debug|Any CPU
		Debug|Mixed Platforms = Debug|Mixed Platforms
		Debug|x86 = Debug|x86
		Release|Any CPU = Release|Any CPU
		Release|Mixed Platforms = Release|Mixed Platforms
		Release|x86 = Release|x86
	EndGlobalSection
	GlobalSection(ProjectConfigurationPlatforms) = postSolution
		{1A633EA0-6081-4A8F-85A4-6AB8500D6E13}.Debug|Any CPU.ActiveCfg = Debug|x86
		{1A633EA0-6081-4A8F-85A4-6AB8500D6E13}.Debug|Mixed Platforms.ActiveCfg = Debug|x86
		{1A633EA0-6081-4A8F-85A4-6AB8500D6E13}.Debug|Mixed Platforms.Build.0 = Debug|x86
		{1A633EA0-6081-4A8F-85A4-6AB8500D6E13}.Debug|x86.ActiveCfg = Debug|x86
		{1A633EA0-6081-4A8F-85A4-6AB8500D6E13}.Debug|x86.Build.0 = Debug|x86
		{1A633EA0-6081-4A8F-85A4-6AB8500D6E13}.Release|Any CPU.ActiveCfg = Release|x86
		{1A633EA0-6081-4A8F-85A4-6AB8500D6E13}.Release|Mixed Platforms.ActiveCfg = Release|x86
		{1A633EA0-6081-4A8F-85A4-6AB8500D6E13}.Release|Mixed Platforms.Build.0 = Release|x86
		{1A633EA0-6081-4A8F-85A4-6AB8500D6E13}.Release|x86.ActiveCfg = Release|x86
		{1A633EA0-6081-4A8F-85A4-6AB8500D6E13}.Release|x86.Build.0 = Release|x86
		{ED2D2F9A-FE35-4389-9B71-57C05AD88396}.Debug|Any CPU.ActiveCfg = Debug|Any CPU
		{ED2D2F9A-FE35-4389-9B71-57C05AD88396}.Debug|Any CPU.Build.0 = Debug|Any CPU
		{ED2D2F9A-FE35-4389-9B71-57C05AD88396}.Debug|Mixed Platforms.ActiveCfg = Debug|Any CPU
		{ED2D2F9A-FE35-4389-9B71-57C05AD88396}.Debug|Mixed Platforms.Build.0 = Debug|Any CPU
		{ED2D2F9A-FE35-4389-9B71-57C05AD88396}.Debug|x86.ActiveCfg = Debug|Any CPU
		{ED2D2F9A-FE35-4389-9B71-57C05AD88396}.Release|Any CPU.ActiveCfg = Release|Any CPU
		{ED2D2F9A-FE35-4389-9B71-57C05AD88396}.Release|Any CPU.Build.0 = Release|Any CPU
		{ED2D2F9A-FE35-4389-9B71-57C05AD88396}.Release|Mixed Platforms.ActiveCfg = Release|Any CPU
		{ED2D2F9A-FE35-4389-9B71-57C05AD88396}.Release|Mixed Platforms.Build.0 = Release|Any CPU
		{ED2D2F9A-FE35-4389-9B71-57C05AD88396}.Release|x86.ActiveCfg = Release|Any CPU
		{54597CC3-45BF-4806-A0F1-B1AE6CD80FC5}.Debug|Any CPU.ActiveCfg = Debug|Any CPU
		{54597CC3-45BF-4806-A0F1-B1AE6CD80FC5}.Debug|Any CPU.Build.0 = Debug|Any CPU
		{54597CC3-45BF-4806-A0F1-B1AE6CD80FC5}.Debug|Mixed Platforms.ActiveCfg = Debug|Any CPU
		{54597CC3-45BF-4806-A0F1-B1AE6CD80FC5}.Debug|Mixed Platforms.Build.0 = Debug|Any CPU
		{54597CC3-45BF-4806-A0F1-B1AE6CD80FC5}.Debug|x86.ActiveCfg = Debug|Any CPU
		{54597CC3-45BF-4806-A0F1-B1AE6CD80FC5}.Release|Any CPU.ActiveCfg = Release|Any CPU
		{54597CC3-45BF-4806-A0F1-B1AE6CD80FC5}.Release|Any CPU.Build.0 = Release|Any CPU
		{54597CC3-45BF-4806-A0F1-B1AE6CD80FC5}.Release|Mixed Platforms.ActiveCfg = Release|Any CPU
		{54597CC3-45BF-4806-A0F1-B1AE6CD80FC5}.Release|Mixed Platforms.Build.0 = Release|Any CPU
		{54597CC3-45BF-4806-A0F1-B1AE6CD80FC5}.Release|x86.ActiveCfg = Release|Any CPU
		{A6915611-8215-421D-8187-3036904497C5}.Debug|Any CPU.ActiveCfg = Debug|Any CPU
		{A6915611-8215-421D-8187-3036904497C5}.Debug|Any CPU.Build.0 = Debug|Any CPU
		{A6915611-8215-421D-8187-3036904497C5}.Debug|Mixed Platforms.ActiveCfg = Debug|Any CPU
		{A6915611-8215-421D-8187-3036904497C5}.Debug|Mixed Platforms.Build.0 = Debug|Any CPU
		{A6915611-8215-421D-8187-3036904497C5}.Debug|x86.ActiveCfg = Debug|Any CPU
		{A6915611-8215-421D-8187-3036904497C5}.Release|Any CPU.ActiveCfg = Release|Any CPU
		{A6915611-8215-421D-8187-3036904497C5}.Release|Any CPU.Build.0 = Release|Any CPU
		{A6915611-8215-421D-8187-3036904497C5}.Release|Mixed Platforms.ActiveCfg = Release|Any CPU
		{A6915611-8215-421D-8187-3036904497C5}.Release|Mixed Platforms.Build.0 = Release|Any CPU
		{A6915611-8215-421D-8187-3036904497C5}.Release|x86.ActiveCfg = Release|Any CPU
		{1DC2705A-BEBC-40A0-A167-887672F60219}.Debug|Any CPU.ActiveCfg = Debug|Any CPU
		{1DC2705A-BEBC-40A0-A167-887672F60219}.Debug|Any CPU.Build.0 = Debug|Any CPU
		{1DC2705A-BEBC-40A0-A167-887672F60219}.Debug|Mixed Platforms.ActiveCfg = Debug|Any CPU
		{1DC2705A-BEBC-40A0-A167-887672F60219}.Debug|Mixed Platforms.Build.0 = Debug|Any CPU
		{1DC2705A-BEBC-40A0-A167-887672F60219}.Debug|x86.ActiveCfg = Debug|Any CPU
		{1DC2705A-BEBC-40A0-A167-887672F60219}.Release|Any CPU.ActiveCfg = Release|Any CPU
		{1DC2705A-BEBC-40A0-A167-887672F60219}.Release|Any CPU.Build.0 = Release|Any CPU
		{1DC2705A-BEBC-40A0-A167-887672F60219}.Release|Mixed Platforms.ActiveCfg = Release|Any CPU
		{1DC2705A-BEBC-40A0-A167-887672F60219}.Release|Mixed Platforms.Build.0 = Release|Any CPU
		{1DC2705A-BEBC-40A0-A167-887672F60219}.Release|x86.ActiveCfg = Release|Any CPU
		{3467FF3E-4EDD-4030-9279-BDA1C1DCEA4D}.Debug|Any CPU.ActiveCfg = Debug|Any CPU
		{3467FF3E-4EDD-4030-9279-BDA1C1DCEA4D}.Debug|Any CPU.Build.0 = Debug|Any CPU
		{3467FF3E-4EDD-4030-9279-BDA1C1DCEA4D}.Debug|Mixed Platforms.ActiveCfg = Debug|Any CPU
		{3467FF3E-4EDD-4030-9279-BDA1C1DCEA4D}.Debug|Mixed Platforms.Build.0 = Debug|Any CPU
		{3467FF3E-4EDD-4030-9279-BDA1C1DCEA4D}.Debug|x86.ActiveCfg = Debug|Any CPU
		{3467FF3E-4EDD-4030-9279-BDA1C1DCEA4D}.Release|Any CPU.ActiveCfg = Release|Any CPU
		{3467FF3E-4EDD-4030-9279-BDA1C1DCEA4D}.Release|Any CPU.Build.0 = Release|Any CPU
		{3467FF3E-4EDD-4030-9279-BDA1C1DCEA4D}.Release|Mixed Platforms.ActiveCfg = Release|Any CPU
		{3467FF3E-4EDD-4030-9279-BDA1C1DCEA4D}.Release|Mixed Platforms.Build.0 = Release|Any CPU
		{3467FF3E-4EDD-4030-9279-BDA1C1DCEA4D}.Release|x86.ActiveCfg = Release|Any CPU
		{4C24C6F6-BAF5-46DA-8315-8E84F8BA6DCF}.Debug|Any CPU.ActiveCfg = Debug|Any CPU
		{4C24C6F6-BAF5-46DA-8315-8E84F8BA6DCF}.Debug|Any CPU.Build.0 = Debug|Any CPU
		{4C24C6F6-BAF5-46DA-8315-8E84F8BA6DCF}.Debug|Mixed Platforms.ActiveCfg = Debug|Any CPU
		{4C24C6F6-BAF5-46DA-8315-8E84F8BA6DCF}.Debug|Mixed Platforms.Build.0 = Debug|Any CPU
		{4C24C6F6-BAF5-46DA-8315-8E84F8BA6DCF}.Debug|x86.ActiveCfg = Debug|Any CPU
		{4C24C6F6-BAF5-46DA-8315-8E84F8BA6DCF}.Release|Any CPU.ActiveCfg = Release|Any CPU
		{4C24C6F6-BAF5-46DA-8315-8E84F8BA6DCF}.Release|Any CPU.Build.0 = Release|Any CPU
		{4C24C6F6-BAF5-46DA-8315-8E84F8BA6DCF}.Release|Mixed Platforms.ActiveCfg = Release|Any CPU
		{4C24C6F6-BAF5-46DA-8315-8E84F8BA6DCF}.Release|Mixed Platforms.Build.0 = Release|Any CPU
		{4C24C6F6-BAF5-46DA-8315-8E84F8BA6DCF}.Release|x86.ActiveCfg = Release|Any CPU
		{533F84E0-8508-498D-BC28-582E1B8B7F29}.Debug|Any CPU.ActiveCfg = Debug|Any CPU
		{533F84E0-8508-498D-BC28-582E1B8B7F29}.Debug|Any CPU.Build.0 = Debug|Any CPU
		{533F84E0-8508-498D-BC28-582E1B8B7F29}.Debug|Mixed Platforms.ActiveCfg = Debug|Any CPU
		{533F84E0-8508-498D-BC28-582E1B8B7F29}.Debug|Mixed Platforms.Build.0 = Debug|Any CPU
		{533F84E0-8508-498D-BC28-582E1B8B7F29}.Debug|x86.ActiveCfg = Debug|Any CPU
		{533F84E0-8508-498D-BC28-582E1B8B7F29}.Release|Any CPU.ActiveCfg = Release|Any CPU
		{533F84E0-8508-498D-BC28-582E1B8B7F29}.Release|Any CPU.Build.0 = Release|Any CPU
		{533F84E0-8508-498D-BC28-582E1B8B7F29}.Release|Mixed Platforms.ActiveCfg = Release|Any CPU
		{533F84E0-8508-498D-BC28-582E1B8B7F29}.Release|Mixed Platforms.Build.0 = Release|Any CPU
		{533F84E0-8508-498D-BC28-582E1B8B7F29}.Release|x86.ActiveCfg = Release|Any CPU
		{3C33C8C1-471B-471D-8734-D32C1EE5690E}.Debug|Any CPU.ActiveCfg = Debug|Any CPU
		{3C33C8C1-471B-471D-8734-D32C1EE5690E}.Debug|Any CPU.Build.0 = Debug|Any CPU
		{3C33C8C1-471B-471D-8734-D32C1EE5690E}.Debug|Mixed Platforms.ActiveCfg = Debug|Any CPU
		{3C33C8C1-471B-471D-8734-D32C1EE5690E}.Debug|Mixed Platforms.Build.0 = Debug|Any CPU
		{3C33C8C1-471B-471D-8734-D32C1EE5690E}.Debug|x86.ActiveCfg = Debug|Any CPU
		{3C33C8C1-471B-471D-8734-D32C1EE5690E}.Release|Any CPU.ActiveCfg = Release|Any CPU
		{3C33C8C1-471B-471D-8734-D32C1EE5690E}.Release|Any CPU.Build.0 = Release|Any CPU
		{3C33C8C1-471B-471D-8734-D32C1EE5690E}.Release|Mixed Platforms.ActiveCfg = Release|Any CPU
		{3C33C8C1-471B-471D-8734-D32C1EE5690E}.Release|Mixed Platforms.Build.0 = Release|Any CPU
		{3C33C8C1-471B-471D-8734-D32C1EE5690E}.Release|x86.ActiveCfg = Release|Any CPU
		{7B330E80-94FE-487F-AD82-804551005469}.Debug|Any CPU.ActiveCfg = Debug|Any CPU
		{7B330E80-94FE-487F-AD82-804551005469}.Debug|Any CPU.Build.0 = Debug|Any CPU
		{7B330E80-94FE-487F-AD82-804551005469}.Debug|Mixed Platforms.ActiveCfg = Debug|Any CPU
		{7B330E80-94FE-487F-AD82-804551005469}.Debug|Mixed Platforms.Build.0 = Debug|Any CPU
		{7B330E80-94FE-487F-AD82-804551005469}.Debug|x86.ActiveCfg = Debug|Any CPU
		{7B330E80-94FE-487F-AD82-804551005469}.Release|Any CPU.ActiveCfg = Release|Any CPU
		{7B330E80-94FE-487F-AD82-804551005469}.Release|Any CPU.Build.0 = Release|Any CPU
		{7B330E80-94FE-487F-AD82-804551005469}.Release|Mixed Platforms.ActiveCfg = Release|Any CPU
		{7B330E80-94FE-487F-AD82-804551005469}.Release|Mixed Platforms.Build.0 = Release|Any CPU
		{7B330E80-94FE-487F-AD82-804551005469}.Release|x86.ActiveCfg = Release|Any CPU
		{52C33A4D-ED2D-47ED-8873-60C092E788A9}.Debug|Any CPU.ActiveCfg = Debug|Any CPU
		{52C33A4D-ED2D-47ED-8873-60C092E788A9}.Debug|Any CPU.Build.0 = Debug|Any CPU
		{52C33A4D-ED2D-47ED-8873-60C092E788A9}.Debug|Mixed Platforms.ActiveCfg = Debug|Any CPU
		{52C33A4D-ED2D-47ED-8873-60C092E788A9}.Debug|Mixed Platforms.Build.0 = Debug|Any CPU
		{52C33A4D-ED2D-47ED-8873-60C092E788A9}.Debug|x86.ActiveCfg = Debug|Any CPU
		{52C33A4D-ED2D-47ED-8873-60C092E788A9}.Release|Any CPU.ActiveCfg = Release|Any CPU
		{52C33A4D-ED2D-47ED-8873-60C092E788A9}.Release|Any CPU.Build.0 = Release|Any CPU
		{52C33A4D-ED2D-47ED-8873-60C092E788A9}.Release|Mixed Platforms.ActiveCfg = Release|Any CPU
		{52C33A4D-ED2D-47ED-8873-60C092E788A9}.Release|Mixed Platforms.Build.0 = Release|Any CPU
		{52C33A4D-ED2D-47ED-8873-60C092E788A9}.Release|x86.ActiveCfg = Release|Any CPU
		{5DDC0FE4-9AE0-4B3E-9240-C1FAFE044508}.Debug|Any CPU.ActiveCfg = Debug|x86
		{5DDC0FE4-9AE0-4B3E-9240-C1FAFE044508}.Debug|Mixed Platforms.ActiveCfg = Debug|x86
		{5DDC0FE4-9AE0-4B3E-9240-C1FAFE044508}.Debug|Mixed Platforms.Build.0 = Debug|x86
		{5DDC0FE4-9AE0-4B3E-9240-C1FAFE044508}.Debug|x86.ActiveCfg = Debug|x86
		{5DDC0FE4-9AE0-4B3E-9240-C1FAFE044508}.Debug|x86.Build.0 = Debug|x86
		{5DDC0FE4-9AE0-4B3E-9240-C1FAFE044508}.Release|Any CPU.ActiveCfg = Release|x86
		{5DDC0FE4-9AE0-4B3E-9240-C1FAFE044508}.Release|Mixed Platforms.ActiveCfg = Release|x86
		{5DDC0FE4-9AE0-4B3E-9240-C1FAFE044508}.Release|Mixed Platforms.Build.0 = Release|x86
		{5DDC0FE4-9AE0-4B3E-9240-C1FAFE044508}.Release|x86.ActiveCfg = Release|x86
		{5DDC0FE4-9AE0-4B3E-9240-C1FAFE044508}.Release|x86.Build.0 = Release|x86
		{D439212D-B7ED-49DD-9319-C30875C36F78}.Debug|Any CPU.ActiveCfg = Debug|Any CPU
		{D439212D-B7ED-49DD-9319-C30875C36F78}.Debug|Any CPU.Build.0 = Debug|Any CPU
		{D439212D-B7ED-49DD-9319-C30875C36F78}.Debug|Mixed Platforms.ActiveCfg = Debug|Any CPU
		{D439212D-B7ED-49DD-9319-C30875C36F78}.Debug|Mixed Platforms.Build.0 = Debug|Any CPU
		{D439212D-B7ED-49DD-9319-C30875C36F78}.Debug|x86.ActiveCfg = Debug|Any CPU
		{D439212D-B7ED-49DD-9319-C30875C36F78}.Release|Any CPU.ActiveCfg = Release|Any CPU
		{D439212D-B7ED-49DD-9319-C30875C36F78}.Release|Any CPU.Build.0 = Release|Any CPU
		{D439212D-B7ED-49DD-9319-C30875C36F78}.Release|Mixed Platforms.ActiveCfg = Release|Any CPU
		{D439212D-B7ED-49DD-9319-C30875C36F78}.Release|Mixed Platforms.Build.0 = Release|Any CPU
		{D439212D-B7ED-49DD-9319-C30875C36F78}.Release|x86.ActiveCfg = Release|Any CPU
		{F8670580-7090-4517-BA35-76A2E98B0CDB}.Debug|Any CPU.ActiveCfg = Debug|Any CPU
		{F8670580-7090-4517-BA35-76A2E98B0CDB}.Debug|Any CPU.Build.0 = Debug|Any CPU
		{F8670580-7090-4517-BA35-76A2E98B0CDB}.Debug|Mixed Platforms.ActiveCfg = Debug|Any CPU
		{F8670580-7090-4517-BA35-76A2E98B0CDB}.Debug|Mixed Platforms.Build.0 = Debug|Any CPU
		{F8670580-7090-4517-BA35-76A2E98B0CDB}.Debug|x86.ActiveCfg = Debug|Any CPU
		{F8670580-7090-4517-BA35-76A2E98B0CDB}.Release|Any CPU.ActiveCfg = Release|Any CPU
		{F8670580-7090-4517-BA35-76A2E98B0CDB}.Release|Any CPU.Build.0 = Release|Any CPU
		{F8670580-7090-4517-BA35-76A2E98B0CDB}.Release|Mixed Platforms.ActiveCfg = Release|Any CPU
		{F8670580-7090-4517-BA35-76A2E98B0CDB}.Release|Mixed Platforms.Build.0 = Release|Any CPU
		{F8670580-7090-4517-BA35-76A2E98B0CDB}.Release|x86.ActiveCfg = Release|Any CPU
		{9B0E117B-C340-4BFF-8B34-58EF2FAFE963}.Debug|Any CPU.ActiveCfg = Debug|Any CPU
		{9B0E117B-C340-4BFF-8B34-58EF2FAFE963}.Debug|Any CPU.Build.0 = Debug|Any CPU
		{9B0E117B-C340-4BFF-8B34-58EF2FAFE963}.Debug|Mixed Platforms.ActiveCfg = Debug|Any CPU
		{9B0E117B-C340-4BFF-8B34-58EF2FAFE963}.Debug|Mixed Platforms.Build.0 = Debug|Any CPU
		{9B0E117B-C340-4BFF-8B34-58EF2FAFE963}.Debug|x86.ActiveCfg = Debug|Any CPU
		{9B0E117B-C340-4BFF-8B34-58EF2FAFE963}.Release|Any CPU.ActiveCfg = Release|Any CPU
		{9B0E117B-C340-4BFF-8B34-58EF2FAFE963}.Release|Any CPU.Build.0 = Release|Any CPU
		{9B0E117B-C340-4BFF-8B34-58EF2FAFE963}.Release|Mixed Platforms.ActiveCfg = Release|Any CPU
		{9B0E117B-C340-4BFF-8B34-58EF2FAFE963}.Release|Mixed Platforms.Build.0 = Release|Any CPU
		{9B0E117B-C340-4BFF-8B34-58EF2FAFE963}.Release|x86.ActiveCfg = Release|Any CPU
		{F98C8C70-88E6-4EA4-976D-73C05594A199}.Debug|Any CPU.ActiveCfg = Debug|Any CPU
		{F98C8C70-88E6-4EA4-976D-73C05594A199}.Debug|Any CPU.Build.0 = Debug|Any CPU
		{F98C8C70-88E6-4EA4-976D-73C05594A199}.Debug|Mixed Platforms.ActiveCfg = Debug|Any CPU
		{F98C8C70-88E6-4EA4-976D-73C05594A199}.Debug|Mixed Platforms.Build.0 = Debug|Any CPU
		{F98C8C70-88E6-4EA4-976D-73C05594A199}.Debug|x86.ActiveCfg = Debug|Any CPU
		{F98C8C70-88E6-4EA4-976D-73C05594A199}.Release|Any CPU.ActiveCfg = Release|Any CPU
		{F98C8C70-88E6-4EA4-976D-73C05594A199}.Release|Any CPU.Build.0 = Release|Any CPU
		{F98C8C70-88E6-4EA4-976D-73C05594A199}.Release|Mixed Platforms.ActiveCfg = Release|Any CPU
		{F98C8C70-88E6-4EA4-976D-73C05594A199}.Release|Mixed Platforms.Build.0 = Release|Any CPU
		{F98C8C70-88E6-4EA4-976D-73C05594A199}.Release|x86.ActiveCfg = Release|Any CPU
		{78E08A24-8EBA-47E1-AD60-F254BDCEC5B0}.Debug|Any CPU.ActiveCfg = Debug|Any CPU
		{78E08A24-8EBA-47E1-AD60-F254BDCEC5B0}.Debug|Any CPU.Build.0 = Debug|Any CPU
		{78E08A24-8EBA-47E1-AD60-F254BDCEC5B0}.Debug|Mixed Platforms.ActiveCfg = Debug|Any CPU
		{78E08A24-8EBA-47E1-AD60-F254BDCEC5B0}.Debug|Mixed Platforms.Build.0 = Debug|Any CPU
		{78E08A24-8EBA-47E1-AD60-F254BDCEC5B0}.Debug|x86.ActiveCfg = Debug|Any CPU
		{78E08A24-8EBA-47E1-AD60-F254BDCEC5B0}.Release|Any CPU.ActiveCfg = Release|Any CPU
		{78E08A24-8EBA-47E1-AD60-F254BDCEC5B0}.Release|Any CPU.Build.0 = Release|Any CPU
		{78E08A24-8EBA-47E1-AD60-F254BDCEC5B0}.Release|Mixed Platforms.ActiveCfg = Release|Any CPU
		{78E08A24-8EBA-47E1-AD60-F254BDCEC5B0}.Release|Mixed Platforms.Build.0 = Release|Any CPU
		{78E08A24-8EBA-47E1-AD60-F254BDCEC5B0}.Release|x86.ActiveCfg = Release|Any CPU
		{CCA892CE-72E1-4D24-A9BC-DA7D3408E7D3}.Debug|Any CPU.ActiveCfg = Debug|x86
		{CCA892CE-72E1-4D24-A9BC-DA7D3408E7D3}.Debug|Mixed Platforms.ActiveCfg = Debug|x86
		{CCA892CE-72E1-4D24-A9BC-DA7D3408E7D3}.Debug|Mixed Platforms.Build.0 = Debug|x86
		{CCA892CE-72E1-4D24-A9BC-DA7D3408E7D3}.Debug|x86.ActiveCfg = Debug|x86
		{CCA892CE-72E1-4D24-A9BC-DA7D3408E7D3}.Debug|x86.Build.0 = Debug|x86
		{CCA892CE-72E1-4D24-A9BC-DA7D3408E7D3}.Release|Any CPU.ActiveCfg = Release|x86
		{CCA892CE-72E1-4D24-A9BC-DA7D3408E7D3}.Release|Mixed Platforms.ActiveCfg = Release|x86
		{CCA892CE-72E1-4D24-A9BC-DA7D3408E7D3}.Release|Mixed Platforms.Build.0 = Release|x86
		{CCA892CE-72E1-4D24-A9BC-DA7D3408E7D3}.Release|x86.ActiveCfg = Release|x86
		{CCA892CE-72E1-4D24-A9BC-DA7D3408E7D3}.Release|x86.Build.0 = Release|x86
		{A9B7E3A8-A4F6-499F-A069-E9173F3F7DBF}.Debug|Any CPU.ActiveCfg = Debug|x86
		{A9B7E3A8-A4F6-499F-A069-E9173F3F7DBF}.Debug|Mixed Platforms.ActiveCfg = Debug|x86
		{A9B7E3A8-A4F6-499F-A069-E9173F3F7DBF}.Debug|Mixed Platforms.Build.0 = Debug|x86
		{A9B7E3A8-A4F6-499F-A069-E9173F3F7DBF}.Debug|x86.ActiveCfg = Debug|x86
		{A9B7E3A8-A4F6-499F-A069-E9173F3F7DBF}.Debug|x86.Build.0 = Debug|x86
		{A9B7E3A8-A4F6-499F-A069-E9173F3F7DBF}.Release|Any CPU.ActiveCfg = Release|x86
		{A9B7E3A8-A4F6-499F-A069-E9173F3F7DBF}.Release|Mixed Platforms.ActiveCfg = Release|x86
		{A9B7E3A8-A4F6-499F-A069-E9173F3F7DBF}.Release|Mixed Platforms.Build.0 = Release|x86
		{A9B7E3A8-A4F6-499F-A069-E9173F3F7DBF}.Release|x86.ActiveCfg = Release|x86
		{A9B7E3A8-A4F6-499F-A069-E9173F3F7DBF}.Release|x86.Build.0 = Release|x86
	EndGlobalSection
	GlobalSection(SolutionProperties) = preSolution
		HideSolutionNode = FALSE
	EndGlobalSection
	GlobalSection(NestedProjects) = preSolution
		{3467FF3E-4EDD-4030-9279-BDA1C1DCEA4D} = {FBA72B21-4556-4397-B7C7-CA2FB7C01BF9}
		{ED2D2F9A-FE35-4389-9B71-57C05AD88396} = {FBA72B21-4556-4397-B7C7-CA2FB7C01BF9}
		{54597CC3-45BF-4806-A0F1-B1AE6CD80FC5} = {1C8BEF8D-326B-4A0F-BA0E-1C9F87F90197}
		{D439212D-B7ED-49DD-9319-C30875C36F78} = {1C8BEF8D-326B-4A0F-BA0E-1C9F87F90197}
		{F8670580-7090-4517-BA35-76A2E98B0CDB} = {1C8BEF8D-326B-4A0F-BA0E-1C9F87F90197}
		{F98C8C70-88E6-4EA4-976D-73C05594A199} = {1C8BEF8D-326B-4A0F-BA0E-1C9F87F90197}
		{1DC2705A-BEBC-40A0-A167-887672F60219} = {7E21AD23-017B-4C34-A956-2969C52FC314}
		{3C33C8C1-471B-471D-8734-D32C1EE5690E} = {7E21AD23-017B-4C34-A956-2969C52FC314}
		{A6915611-8215-421D-8187-3036904497C5} = {7E21AD23-017B-4C34-A956-2969C52FC314}
		{533F84E0-8508-498D-BC28-582E1B8B7F29} = {85CA7432-5773-4B14-9F1B-9B13781CD954}
		{4C24C6F6-BAF5-46DA-8315-8E84F8BA6DCF} = {85CA7432-5773-4B14-9F1B-9B13781CD954}
		{7B330E80-94FE-487F-AD82-804551005469} = {55E4E32A-996D-4802-AF0F-531DA7ECEADA}
		{52C33A4D-ED2D-47ED-8873-60C092E788A9} = {08D1F62B-5715-4261-A966-84D5A1F9C55A}
	EndGlobalSection
EndGlobal
